
Microsoft Visual Studio Solution File, Format Version 12.00
# Visual Studio 14
VisualStudioVersion = 14.0.25420.1
MinimumVisualStudioVersion = 10.0.40219.1
Project("{FAE04EC0-301F-11D3-BF4B-00C04F79EFBC}") = "mkn70x", "mkn70x\mkn70x.csproj", "{ABD168FF-80A6-4782-9D34-9739CE2E50FE}"
EndProject
Project("{FAE04EC0-301F-11D3-BF4B-00C04F79EFBC}") = "testapp", "testapp\testapp.csproj", "{F0308EDF-4D51-49BC-A420-47C7867763A6}"
	ProjectSection(ProjectDependencies) = postProject
		{ABD168FF-80A6-4782-9D34-9739CE2E50FE} = {ABD168FF-80A6-4782-9D34-9739CE2E50FE}
	EndProjectSection
EndProject
Project("{FAE04EC0-301F-11D3-BF4B-00C04F79EFBC}") = "CustomControls", "CustomControls\CustomControls.csproj", "{1D64471C-009C-4873-8C7B-402058BF193E}"
EndProject
Global
	GlobalSection(SolutionConfigurationPlatforms) = preSolution
		Debug|Any CPU = Debug|Any CPU
		Debug|x64 = Debug|x64
		Release|Any CPU = Release|Any CPU
		Release|x64 = Release|x64
	EndGlobalSection
	GlobalSection(ProjectConfigurationPlatforms) = postSolution
		{ABD168FF-80A6-4782-9D34-9739CE2E50FE}.Debug|Any CPU.ActiveCfg = Debug|Any CPU
		{ABD168FF-80A6-4782-9D34-9739CE2E50FE}.Debug|Any CPU.Build.0 = Debug|Any CPU
		{ABD168FF-80A6-4782-9D34-9739CE2E50FE}.Debug|x64.ActiveCfg = Debug|Any CPU
		{ABD168FF-80A6-4782-9D34-9739CE2E50FE}.Debug|x64.Build.0 = Debug|Any CPU
		{ABD168FF-80A6-4782-9D34-9739CE2E50FE}.Release|Any CPU.ActiveCfg = Release|Any CPU
		{ABD168FF-80A6-4782-9D34-9739CE2E50FE}.Release|Any CPU.Build.0 = Release|Any CPU
		{ABD168FF-80A6-4782-9D34-9739CE2E50FE}.Release|x64.ActiveCfg = Release|Any CPU
		{ABD168FF-80A6-4782-9D34-9739CE2E50FE}.Release|x64.Build.0 = Release|Any CPU
		{F0308EDF-4D51-49BC-A420-47C7867763A6}.Debug|Any CPU.ActiveCfg = Debug|Any CPU
		{F0308EDF-4D51-49BC-A420-47C7867763A6}.Debug|Any CPU.Build.0 = Debug|Any CPU
		{F0308EDF-4D51-49BC-A420-47C7867763A6}.Debug|x64.ActiveCfg = Debug|Any CPU
		{F0308EDF-4D51-49BC-A420-47C7867763A6}.Debug|x64.Build.0 = Debug|Any CPU
		{F0308EDF-4D51-49BC-A420-47C7867763A6}.Release|Any CPU.ActiveCfg = Release|Any CPU
		{F0308EDF-4D51-49BC-A420-47C7867763A6}.Release|Any CPU.Build.0 = Release|Any CPU
		{F0308EDF-4D51-49BC-A420-47C7867763A6}.Release|x64.ActiveCfg = Release|Any CPU
		{F0308EDF-4D51-49BC-A420-47C7867763A6}.Release|x64.Build.0 = Release|Any CPU
		{1D64471C-009C-4873-8C7B-402058BF193E}.Debug|Any CPU.ActiveCfg = Debug|Any CPU
		{1D64471C-009C-4873-8C7B-402058BF193E}.Debug|Any CPU.Build.0 = Debug|Any CPU
		{1D64471C-009C-4873-8C7B-402058BF193E}.Debug|x64.ActiveCfg = Debug|x64
		{1D64471C-009C-4873-8C7B-402058BF193E}.Debug|x64.Build.0 = Debug|x64
		{1D64471C-009C-4873-8C7B-402058BF193E}.Release|Any CPU.ActiveCfg = Release|Any CPU
		{1D64471C-009C-4873-8C7B-402058BF193E}.Release|Any CPU.Build.0 = Release|Any CPU
		{1D64471C-009C-4873-8C7B-402058BF193E}.Release|x64.ActiveCfg = Release|x64
		{1D64471C-009C-4873-8C7B-402058BF193E}.Release|x64.Build.0 = Release|x64
	EndGlobalSection
	GlobalSection(SolutionProperties) = preSolution
		HideSolutionNode = FALSE
	EndGlobalSection
EndGlobal
